
Microsoft Visual Studio Solution File, Format Version 12.00
# Visual Studio Version 17
VisualStudioVersion = 17.14.36414.22 d17.14
MinimumVisualStudioVersion = 10.0.40219.1
Project("{FAE04EC0-301F-11D3-BF4B-00C04F79EFBC}") = "ConsolaDeVideojuegos", "ConsolaDeVideojuegos\ConsolaDeVideojuegos.csproj", "{96A2B64F-7E99-4C16-B11F-EAD93BC3C618}"
EndProject
Global
	GlobalSection(SolutionConfigurationPlatforms) = preSolution
		Debug|Any CPU = Debug|Any CPU
		Release|Any CPU = Release|Any CPU
	EndGlobalSection
	GlobalSection(ProjectConfigurationPlatforms) = postSolution
		{96A2B64F-7E99-4C16-B11F-EAD93BC3C618}.Debug|Any CPU.ActiveCfg = Debug|Any CPU
		{96A2B64F-7E99-4C16-B11F-EAD93BC3C618}.Debug|Any CPU.Build.0 = Debug|Any CPU
		{96A2B64F-7E99-4C16-B11F-EAD93BC3C618}.Release|Any CPU.ActiveCfg = Release|Any CPU
		{96A2B64F-7E99-4C16-B11F-EAD93BC3C618}.Release|Any CPU.Build.0 = Release|Any CPU
	EndGlobalSection
	GlobalSection(SolutionProperties) = preSolution
		HideSolutionNode = FALSE
	EndGlobalSection
	GlobalSection(ExtensibilityGlobals) = postSolution
		SolutionGuid = {2E1FF5A3-4C83-46DB-BE17-5920436BACD5}
	EndGlobalSection
EndGlobal
